{
  "name": "adder-template",
  "version": "1.0.0",
  "lockfileVersion": 3,
  "requires": true,
  "packages": {
    "": {
      "name": "adder-template",
      "version": "1.0.0",
      "license": "MIT",
      "dependencies": {
        "@svelte-add/core": "^2.7.0"
      },
      "bin": {
        "adder-template": "index.js"
      },
      "devDependencies": {
        "@svelte-add/testing-library": "^2.0.17"
      }
    },
    "node_modules/@ampproject/remapping": {
      "version": "2.3.0",
      "resolved": "https://registry.npmjs.org/@ampproject/remapping/-/remapping-2.3.0.tgz",
      "integrity": "sha512-30iZtAPgz+LTIYoeivqYo853f02jBYSd5uGnGpkFV0M3xOt9aN73erkgYAmZU43x4VfqcnLxW9Kpg3R5LC4YYw==",
      "peer": true,
      "dependencies": {
        "@jridgewell/gen-mapping": "^0.3.5",
        "@jridgewell/trace-mapping": "^0.3.24"
      },
      "engines": {
        "node": ">=6.0.0"
      }
    },
    "node_modules/@clack/core": {
      "version": "0.3.4",
      "resolved": "https://registry.npmjs.org/@clack/core/-/core-0.3.4.tgz",
      "integrity": "sha512-H4hxZDXgHtWTwV3RAVenqcC4VbJZNegbBjlPvzOzCouXtS2y3sDvlO3IsbrPNWuLWPPlYVYPghQdSF64683Ldw==",
      "dev": true,
      "dependencies": {
        "picocolors": "^1.0.0",
        "sisteransi": "^1.0.5"
      }
    },
    "node_modules/@clack/prompts": {
      "version": "0.7.0",
      "resolved": "https://registry.npmjs.org/@clack/prompts/-/prompts-0.7.0.tgz",
      "integrity": "sha512-0MhX9/B4iL6Re04jPrttDm+BsP8y6mS7byuv0BvXgdXhbV5PdlsHt55dvNsuBCPZ7xq1oTAOOuotR9NFbQyMSA==",
      "bundleDependencies": [
        "is-unicode-supported"
      ],
      "dev": true,
      "dependencies": {
        "@clack/core": "^0.3.3",
        "is-unicode-supported": "*",
        "picocolors": "^1.0.0",
        "sisteransi": "^1.0.5"
      }
    },
    "node_modules/@clack/prompts/node_modules/is-unicode-supported": {
      "version": "1.3.0",
      "dev": true,
      "inBundle": true,
      "license": "MIT",
      "engines": {
        "node": ">=12"
      },
      "funding": {
        "url": "https://github.com/sponsors/sindresorhus"
      }
    },
    "node_modules/@jridgewell/gen-mapping": {
      "version": "0.3.5",
      "resolved": "https://registry.npmjs.org/@jridgewell/gen-mapping/-/gen-mapping-0.3.5.tgz",
      "integrity": "sha512-IzL8ZoEDIBRWEzlCcRhOaCupYyN5gdIK+Q6fbFdPDg6HqX6jpkItn7DFIpW9LQzXG6Df9sA7+OKnq0qlz/GaQg==",
      "peer": true,
      "dependencies": {
        "@jridgewell/set-array": "^1.2.1",
        "@jridgewell/sourcemap-codec": "^1.4.10",
        "@jridgewell/trace-mapping": "^0.3.24"
      },
      "engines": {
        "node": ">=6.0.0"
      }
    },
    "node_modules/@jridgewell/resolve-uri": {
      "version": "3.1.2",
      "resolved": "https://registry.npmjs.org/@jridgewell/resolve-uri/-/resolve-uri-3.1.2.tgz",
      "integrity": "sha512-bRISgCIjP20/tbWSPWMEi54QVPRZExkuD9lJL+UIxUKtwVJA8wW1Trb1jMs1RFXo1CBTNZ/5hpC9QvmKWdopKw==",
      "peer": true,
      "engines": {
        "node": ">=6.0.0"
      }
    },
    "node_modules/@jridgewell/set-array": {
      "version": "1.2.1",
      "resolved": "https://registry.npmjs.org/@jridgewell/set-array/-/set-array-1.2.1.tgz",
      "integrity": "sha512-R8gLRTZeyp03ymzP/6Lil/28tGeGEzhx1q2k703KGWRAI1VdvPIXdG70VJc2pAMw3NA6JKL5hhFu1sJX0Mnn/A==",
      "peer": true,
      "engines": {
        "node": ">=6.0.0"
      }
    },
    "node_modules/@jridgewell/sourcemap-codec": {
      "version": "1.4.15",
      "resolved": "https://registry.npmjs.org/@jridgewell/sourcemap-codec/-/sourcemap-codec-1.4.15.tgz",
      "integrity": "sha512-eF2rxCRulEKXHTRiDrDy6erMYWqNw4LPdQ8UQA4huuxaQsVeRPFl2oM8oDGxMFhJUWZf9McpLtJasDDZb/Bpeg==",
      "peer": true
    },
    "node_modules/@jridgewell/trace-mapping": {
      "version": "0.3.25",
      "resolved": "https://registry.npmjs.org/@jridgewell/trace-mapping/-/trace-mapping-0.3.25.tgz",
      "integrity": "sha512-vNk6aEwybGtawWmy/PzwnGDOjCkLWSD2wqvjGGAgOAwCGWySYXfYoxt00IJkTF+8Lb57DwOb3Aa0o9CApepiYQ==",
      "peer": true,
      "dependencies": {
        "@jridgewell/resolve-uri": "^3.1.0",
        "@jridgewell/sourcemap-codec": "^1.4.14"
      }
    },
    "node_modules/@svelte-add/ast-manipulation": {
      "version": "2.1.2",
      "resolved": "https://registry.npmjs.org/@svelte-add/ast-manipulation/-/ast-manipulation-2.1.2.tgz",
      "integrity": "sha512-wq0pobNjg62E27MzKxX4oYHt24A8JjY0w5MmMY75wefR6x5h/ePbO9Kz5avdv0yTQKhZoGnPkFCm7sAjTCoyfw==",
      "dependencies": {
        "@svelte-add/ast-tooling": "^2.1.1"
      }
    },
    "node_modules/@svelte-add/ast-tooling": {
      "version": "2.1.1",
      "resolved": "https://registry.npmjs.org/@svelte-add/ast-tooling/-/ast-tooling-2.1.1.tgz",
      "integrity": "sha512-qt1xWK5RoLAjqMIkiSpFQ6Sp963/kNV5RHgSjEQXO34w00ccv8wCVDRwkWL4NPU1tB0tGcs/ZuKgOGpYOjwUNA=="
    },
    "node_modules/@svelte-add/bootstrap": {
      "version": "1.0.15",
      "resolved": "https://registry.npmjs.org/@svelte-add/bootstrap/-/bootstrap-1.0.15.tgz",
      "integrity": "sha512-eoWZBplMM6d+tihPtXpQuaZzptvWyzfJzAQRZ6Kaam1GHLYZVzWdKeJQZH4t4qCCstzcqAMb1sm3zjVMI9evdw==",
      "dev": true,
      "peer": true,
      "dependencies": {
        "@svelte-add/core": "2.7.0"
      },
      "bin": {
        "bootstrap": "build/index.js"
      }
    },
    "node_modules/@svelte-add/bulma": {
      "version": "1.0.15",
      "resolved": "https://registry.npmjs.org/@svelte-add/bulma/-/bulma-1.0.15.tgz",
      "integrity": "sha512-d1qZUgEnIdHsJNQZuWMGOQP/0g+i+nK7KhxTVWrD7iVS/wyt7hs6gSa7xPXPHLfK5Vjn/6BKwqipgY5auLRUUQ==",
      "dev": true,
      "peer": true,
      "dependencies": {
        "@svelte-add/core": "2.7.0"
      },
      "bin": {
        "bulma": "build/index.js"
      }
    },
    "node_modules/@svelte-add/core": {
      "version": "2.7.0",
      "resolved": "https://registry.npmjs.org/@svelte-add/core/-/core-2.7.0.tgz",
      "integrity": "sha512-xyPQGOhIi0WBNoz+XqQJDbCYp3ZtrDz0iRoW8uP2sQN/qLguvjMQgFB3Tc2qOqcIUF+U4Hv2twr6VTpYl+J8SQ==",
      "dependencies": {
        "@svelte-add/ast-manipulation": "2.1.2",
        "@svelte-add/ast-tooling": "2.1.1",
        "prettier": "^3.3.2",
        "prettier-plugin-svelte": "^3.2.4"
      }
    },
    "node_modules/@svelte-add/drizzle": {
      "version": "1.0.6",
      "resolved": "https://registry.npmjs.org/@svelte-add/drizzle/-/drizzle-1.0.6.tgz",
      "integrity": "sha512-v4nb00oQ1I2jsO4OxsYvdbGwR7ZmQWR+j+8/6H0kiuCnztHocb9croHjP1+RVVJcVC3TlfbRsSiuJl4wmlzCRg==",
      "dev": true,
      "peer": true,
      "dependencies": {
        "@svelte-add/core": "2.7.0"
      },
      "bin": {
        "drizzle": "build/index.js"
      }
    },
    "node_modules/@svelte-add/mdsvex": {
      "version": "1.0.15",
      "resolved": "https://registry.npmjs.org/@svelte-add/mdsvex/-/mdsvex-1.0.15.tgz",
      "integrity": "sha512-Dw3raGlXP2+CkaZ0O5v8qexrfchlQUod8svXid8eV2QwTIZRdIW07FK8Zkp9Wh4CVjKzLgG6Pzm8TuTvguTkVg==",
      "dev": true,
      "peer": true,
      "dependencies": {
        "@svelte-add/core": "2.7.0"
      },
      "bin": {
        "mdsvex": "build/index.js"
      }
    },
    "node_modules/@svelte-add/routify": {
      "version": "1.0.15",
      "resolved": "https://registry.npmjs.org/@svelte-add/routify/-/routify-1.0.15.tgz",
      "integrity": "sha512-8LJoPXO//vjChDlJvo1Hw++qXO1D0FSG3ZoVzwFHNITYOksRz+COzDPJazvRJTmNkpeK1zx9yxVslM41UnHZww==",
      "dev": true,
      "peer": true,
      "dependencies": {
        "@svelte-add/core": "2.7.0"
      },
      "bin": {
        "routify": "build/index.js"
      }
    },
    "node_modules/@svelte-add/storybook": {
      "version": "1.0.15",
      "resolved": "https://registry.npmjs.org/@svelte-add/storybook/-/storybook-1.0.15.tgz",
      "integrity": "sha512-owpe46KO1/MOyUirtR/Z4GQspiOuFhUowVdTPJSV1kRwBl4is2qUFFsrH8mqPAyKFi1wC+fzjK4esnnokLNV1w==",
      "dev": true,
      "peer": true,
      "dependencies": {
        "@svelte-add/core": "2.7.0"
      },
      "bin": {
        "storybook": "build/index.js"
      }
    },
    "node_modules/@svelte-add/tailwindcss": {
      "version": "1.0.15",
      "resolved": "https://registry.npmjs.org/@svelte-add/tailwindcss/-/tailwindcss-1.0.15.tgz",
      "integrity": "sha512-hKLJrsKaAYLP5fLb0oM2F9l5waXbJzIlPM4z0b/QhCMz5br4vFnm4iia1x0JWD9uzVkiG3h8ONfZALA0zJ8mlg==",
      "dev": true,
      "peer": true,
      "dependencies": {
        "@svelte-add/core": "2.7.0"
      },
      "bin": {
        "tailwindcss": "build/index.js"
      }
    },
    "node_modules/@svelte-add/testing-library": {
      "version": "2.0.17",
      "resolved": "https://registry.npmjs.org/@svelte-add/testing-library/-/testing-library-2.0.17.tgz",
      "integrity": "sha512-bz4+OC6/KORAEJudR8bSjDc8FWmGrTAcbhyJxqG1EPNzdd0Qr8D69zWhRiWTU/RkqudbtUBrAw66I5GAhRiRdg==",
      "dev": true,
      "dependencies": {
        "@svelte-add/ast-tooling": "^2.1.1",
        "@svelte-add/core": "^2.7.0",
        "create-svelte": "^6.3.0",
        "playwright": "^1.44.1",
        "svelte-add": "^2.2.1"
      }
    },
    "node_modules/@types/estree": {
      "version": "1.0.5",
      "resolved": "https://registry.npmjs.org/@types/estree/-/estree-1.0.5.tgz",
      "integrity": "sha512-/kYRxGDLWzHOB7q+wtSUQlFrtcdUccpfy+X+9iMBpHK8QLLhx2wIPYuS5DYtR9Wa/YlZAbIovy7qVdB1Aq6Lyw==",
      "peer": true
    },
    "node_modules/acorn": {
      "version": "8.12.0",
      "resolved": "https://registry.npmjs.org/acorn/-/acorn-8.12.0.tgz",
      "integrity": "sha512-RTvkC4w+KNXrM39/lWCUaG0IbRkWdCv7W/IOW9oU6SawyxulvkQy5HQPVTKxEjczcUvapcrw3cFx/60VN/NRNw==",
      "peer": true,
      "bin": {
        "acorn": "bin/acorn"
      },
      "engines": {
        "node": ">=0.4.0"
      }
    },
    "node_modules/aria-query": {
      "version": "5.3.0",
      "resolved": "https://registry.npmjs.org/aria-query/-/aria-query-5.3.0.tgz",
      "integrity": "sha512-b0P0sZPKtyu8HkeRAfCq0IfURZK+SuwMjY1UXGBU27wpAiTwQAIlq56IbIO+ytk/JjS1fMR14ee5WBBfKi5J6A==",
      "peer": true,
      "dependencies": {
        "dequal": "^2.0.3"
      }
    },
    "node_modules/axobject-query": {
      "version": "4.0.0",
      "resolved": "https://registry.npmjs.org/axobject-query/-/axobject-query-4.0.0.tgz",
      "integrity": "sha512-+60uv1hiVFhHZeO+Lz0RYzsVHy5Wr1ayX0mwda9KPDVLNJgZ1T9Ny7VmFbLDzxsH0D87I86vgj3gFrjTJUYznw==",
      "peer": true,
      "dependencies": {
        "dequal": "^2.0.3"
      }
    },
    "node_modules/code-red": {
      "version": "1.0.4",
      "resolved": "https://registry.npmjs.org/code-red/-/code-red-1.0.4.tgz",
      "integrity": "sha512-7qJWqItLA8/VPVlKJlFXU+NBlo/qyfs39aJcuMT/2ere32ZqvF5OSxgdM5xOfJJ7O429gg2HM47y8v9P+9wrNw==",
      "peer": true,
      "dependencies": {
        "@jridgewell/sourcemap-codec": "^1.4.15",
        "@types/estree": "^1.0.1",
        "acorn": "^8.10.0",
        "estree-walker": "^3.0.3",
        "periscopic": "^3.1.0"
      }
    },
    "node_modules/create-svelte": {
      "version": "6.3.2",
      "resolved": "https://registry.npmjs.org/create-svelte/-/create-svelte-6.3.2.tgz",
      "integrity": "sha512-9Ipg3qO9GJWbup2UHhAqL31sT3p8606CIWZBjorq2jNN7cbVdY0MxaghgyG3hZl5zq2NC6QztCGZPJLGVPTjyw==",
      "dev": true,
      "dependencies": {
        "@clack/prompts": "^0.7.0",
        "kleur": "^4.1.5"
      },
      "bin": {
        "create-svelte": "bin.js"
      }
    },
    "node_modules/css-tree": {
      "version": "2.3.1",
      "resolved": "https://registry.npmjs.org/css-tree/-/css-tree-2.3.1.tgz",
      "integrity": "sha512-6Fv1DV/TYw//QF5IzQdqsNDjx/wc8TrMBZsqjL9eW01tWb7R7k/mq+/VXfJCl7SoD5emsJop9cOByJZfs8hYIw==",
      "peer": true,
      "dependencies": {
        "mdn-data": "2.0.30",
        "source-map-js": "^1.0.1"
      },
      "engines": {
        "node": "^10 || ^12.20.0 || ^14.13.0 || >=15.0.0"
      }
    },
    "node_modules/dequal": {
      "version": "2.0.3",
      "resolved": "https://registry.npmjs.org/dequal/-/dequal-2.0.3.tgz",
      "integrity": "sha512-0je+qPKHEMohvfRTCEo3CrPG6cAzAYgmzKyxRiYSSDkS6eGJdyVJm7WaYA5ECaAD9wLB2T4EEeymA5aFVcYXCA==",
      "peer": true,
      "engines": {
        "node": ">=6"
      }
    },
    "node_modules/estree-walker": {
      "version": "3.0.3",
      "resolved": "https://registry.npmjs.org/estree-walker/-/estree-walker-3.0.3.tgz",
      "integrity": "sha512-7RUKfXgSMMkzt6ZuXmqapOurLGPPfgj6l9uRZ7lRGolvk0y2yocc35LdcxKC5PQZdn2DMqioAQ2NoWcrTKmm6g==",
      "peer": true,
      "dependencies": {
        "@types/estree": "^1.0.0"
      }
    },
    "node_modules/fsevents": {
      "version": "2.3.2",
      "resolved": "https://registry.npmjs.org/fsevents/-/fsevents-2.3.2.tgz",
      "integrity": "sha512-xiqMQR4xAeHTuB9uWm+fFRcIOgKBMiOBP+eXiyT7jsgVCq1bkVygt00oASowB7EdtpOHaaPgKt812P9ab+DDKA==",
      "dev": true,
      "hasInstallScript": true,
      "optional": true,
      "os": [
        "darwin"
      ],
      "engines": {
        "node": "^8.16.0 || ^10.6.0 || >=11.0.0"
      }
    },
    "node_modules/is-reference": {
      "version": "3.0.2",
      "resolved": "https://registry.npmjs.org/is-reference/-/is-reference-3.0.2.tgz",
      "integrity": "sha512-v3rht/LgVcsdZa3O2Nqs+NMowLOxeOm7Ay9+/ARQ2F+qEoANRcqrjAZKGN0v8ymUetZGgkp26LTnGT7H0Qo9Pg==",
      "peer": true,
      "dependencies": {
        "@types/estree": "*"
      }
    },
    "node_modules/kleur": {
      "version": "4.1.5",
      "resolved": "https://registry.npmjs.org/kleur/-/kleur-4.1.5.tgz",
      "integrity": "sha512-o+NO+8WrRiQEE4/7nwRJhN1HWpVmJm511pBHUxPLtp0BUISzlBplORYSmTclCnJvQq2tKu/sgl3xVpkc7ZWuQQ==",
      "dev": true,
      "engines": {
        "node": ">=6"
      }
    },
    "node_modules/locate-character": {
      "version": "3.0.0",
      "resolved": "https://registry.npmjs.org/locate-character/-/locate-character-3.0.0.tgz",
      "integrity": "sha512-SW13ws7BjaeJ6p7Q6CO2nchbYEc3X3J6WrmTTDto7yMPqVSZTUyY5Tjbid+Ab8gLnATtygYtiDIJGQRRn2ZOiA==",
      "peer": true
    },
    "node_modules/magic-string": {
      "version": "0.30.10",
      "resolved": "https://registry.npmjs.org/magic-string/-/magic-string-0.30.10.tgz",
      "integrity": "sha512-iIRwTIf0QKV3UAnYK4PU8uiEc4SRh5jX0mwpIwETPpHdhVM4f53RSwS/vXvN1JhGX+Cs7B8qIq3d6AH49O5fAQ==",
      "peer": true,
      "dependencies": {
        "@jridgewell/sourcemap-codec": "^1.4.15"
      }
    },
    "node_modules/mdn-data": {
      "version": "2.0.30",
      "resolved": "https://registry.npmjs.org/mdn-data/-/mdn-data-2.0.30.tgz",
      "integrity": "sha512-GaqWWShW4kv/G9IEucWScBx9G1/vsFZZJUO+tD26M8J8z3Kw5RDQjaoZe03YAClgeS/SWPOcb4nkFBTEi5DUEA==",
      "peer": true
    },
    "node_modules/periscopic": {
      "version": "3.1.0",
      "resolved": "https://registry.npmjs.org/periscopic/-/periscopic-3.1.0.tgz",
      "integrity": "sha512-vKiQ8RRtkl9P+r/+oefh25C3fhybptkHKCZSPlcXiJux2tJF55GnEj3BVn4A5gKfq9NWWXXrxkHBwVPUfH0opw==",
      "peer": true,
      "dependencies": {
        "@types/estree": "^1.0.0",
        "estree-walker": "^3.0.0",
        "is-reference": "^3.0.0"
      }
    },
    "node_modules/picocolors": {
      "version": "1.0.1",
      "resolved": "https://registry.npmjs.org/picocolors/-/picocolors-1.0.1.tgz",
      "integrity": "sha512-anP1Z8qwhkbmu7MFP5iTt+wQKXgwzf7zTyGlcdzabySa9vd0Xt392U0rVmz9poOaBj0uHJKyyo9/upk0HrEQew==",
      "dev": true
    },
    "node_modules/playwright": {
      "version": "1.44.1",
      "resolved": "https://registry.npmjs.org/playwright/-/playwright-1.44.1.tgz",
      "integrity": "sha512-qr/0UJ5CFAtloI3avF95Y0L1xQo6r3LQArLIg/z/PoGJ6xa+EwzrwO5lpNr/09STxdHuUoP2mvuELJS+hLdtgg==",
      "dev": true,
      "dependencies": {
        "playwright-core": "1.44.1"
      },
      "bin": {
        "playwright": "cli.js"
      },
      "engines": {
        "node": ">=16"
      },
      "optionalDependencies": {
        "fsevents": "2.3.2"
      }
    },
    "node_modules/playwright-core": {
      "version": "1.44.1",
      "resolved": "https://registry.npmjs.org/playwright-core/-/playwright-core-1.44.1.tgz",
      "integrity": "sha512-wh0JWtYTrhv1+OSsLPgFzGzt67Y7BE/ZS3jEqgGBlp2ppp1ZDj8c+9IARNW4dwf1poq5MgHreEM2KV/GuR4cFA==",
      "dev": true,
      "bin": {
        "playwright-core": "cli.js"
      },
      "engines": {
        "node": ">=16"
      }
    },
    "node_modules/prettier": {
      "version": "3.3.2",
      "resolved": "https://registry.npmjs.org/prettier/-/prettier-3.3.2.tgz",
      "integrity": "sha512-rAVeHYMcv8ATV5d508CFdn+8/pHPpXeIid1DdrPwXnaAdH7cqjVbpJaT5eq4yRAFU/lsbwYwSF/n5iNrdJHPQA==",
      "bin": {
        "prettier": "bin/prettier.cjs"
      },
      "engines": {
        "node": ">=14"
      },
      "funding": {
        "url": "https://github.com/prettier/prettier?sponsor=1"
      }
    },
    "node_modules/prettier-plugin-svelte": {
      "version": "3.2.5",
      "resolved": "https://registry.npmjs.org/prettier-plugin-svelte/-/prettier-plugin-svelte-3.2.5.tgz",
      "integrity": "sha512-vP/M/Goc8z4iVIvrwXwbrYVjJgA0Hf8PO1G4LBh/ocSt6vUP6sLvyu9F3ABEGr+dbKyxZjEKLkeFsWy/yYl0HQ==",
      "peerDependencies": {
        "prettier": "^3.0.0",
        "svelte": "^3.2.0 || ^4.0.0-next.0 || ^5.0.0-next.0"
      }
    },
    "node_modules/sisteransi": {
      "version": "1.0.5",
      "resolved": "https://registry.npmjs.org/sisteransi/-/sisteransi-1.0.5.tgz",
      "integrity": "sha512-bLGGlR1QxBcynn2d5YmDX4MGjlZvy2MRBDRNHLJ8VI6l6+9FUiyTFNJ0IveOSP0bcXgVDPRcfGqA0pjaqUpfVg==",
      "dev": true
    },
    "node_modules/source-map-js": {
      "version": "1.2.0",
      "resolved": "https://registry.npmjs.org/source-map-js/-/source-map-js-1.2.0.tgz",
      "integrity": "sha512-itJW8lvSA0TXEphiRoawsCksnlf8SyvmFzIhltqAHluXd88pkCd+cXJVHTDwdCr0IzwptSm035IHQktUu1QUMg==",
      "peer": true,
      "engines": {
        "node": ">=0.10.0"
      }
    },
    "node_modules/svelte": {
      "version": "4.2.18",
      "resolved": "https://registry.npmjs.org/svelte/-/svelte-4.2.18.tgz",
      "integrity": "sha512-d0FdzYIiAePqRJEb90WlJDkjUEx42xhivxN8muUBmfZnP+tzUgz12DJ2hRJi8sIHCME7jeK1PTMgKPSfTd8JrA==",
      "peer": true,
      "dependencies": {
        "@ampproject/remapping": "^2.2.1",
        "@jridgewell/sourcemap-codec": "^1.4.15",
        "@jridgewell/trace-mapping": "^0.3.18",
        "@types/estree": "^1.0.1",
        "acorn": "^8.9.0",
        "aria-query": "^5.3.0",
        "axobject-query": "^4.0.0",
        "code-red": "^1.0.3",
        "css-tree": "^2.3.1",
        "estree-walker": "^3.0.3",
        "is-reference": "^3.0.1",
        "locate-character": "^3.0.0",
        "magic-string": "^0.30.4",
        "periscopic": "^3.1.0"
      },
      "engines": {
        "node": ">=16"
      }
    },
    "node_modules/svelte-add": {
      "version": "2.2.1",
      "resolved": "https://registry.npmjs.org/svelte-add/-/svelte-add-2.2.1.tgz",
      "integrity": "sha512-F5nlYxNzr+jd4Ol84M5eOBSSwt2pqoh7WZ6kJj1EJGahkA34SqPreBg24YRtYBkeAs3i9S4HNuBNiL5N9Ve5Cg==",
      "dev": true,
      "dependencies": {
        "@svelte-add/core": "2.7.0"
      },
      "bin": {
        "svelte-add": "build/index.js"
      },
      "peerDependencies": {
        "@svelte-add/bootstrap": "^1.0.15",
        "@svelte-add/bulma": "^1.0.15",
        "@svelte-add/drizzle": "^1.0.6",
        "@svelte-add/mdsvex": "^1.0.15",
        "@svelte-add/routify": "^1.0.15",
        "@svelte-add/storybook": "^1.0.15",
        "@svelte-add/tailwindcss": "^1.0.15"
      }
    }
  }
}
